
Microsoft Visual Studio Solution File, Format Version 12.00
# Visual Studio 2013
VisualStudioVersion = 12.0.40629.0
MinimumVisualStudioVersion = 10.0.40219.1
Project("{FAE04EC0-301F-11D3-BF4B-00C04F79EFBC}") = "AWCommonUtil", "AWCommonUtil\AWCommonUtil.csproj", "{192B6B58-9E01-45FB-A655-08906A775B0C}"
EndProject
Global
	GlobalSection(TeamFoundationVersionControl) = preSolution
		SccNumberOfProjects = 2
		SccEnterpriseProvider = {4CA58AB2-18FA-4F8D-95D4-32DDF27D184C}
		SccTeamFoundationServer = http://10.10.102.125:8080/tfs/apcollection
		SccLocalPath0 = .
		SccProjectUniqueName1 = AWCommonUtil\\AWCommonUtil.csproj
		SccProjectName1 = AWCommonUtil
		SccLocalPath1 = AWCommonUtil
	EndGlobalSection
	GlobalSection(SolutionConfigurationPlatforms) = preSolution
		Debug|Any CPU = Debug|Any CPU
		Release|Any CPU = Release|Any CPU
	EndGlobalSection
	GlobalSection(ProjectConfigurationPlatforms) = postSolution
		{192B6B58-9E01-45FB-A655-08906A775B0C}.Debug|Any CPU.ActiveCfg = Debug|Any CPU
		{192B6B58-9E01-45FB-A655-08906A775B0C}.Debug|Any CPU.Build.0 = Debug|Any CPU
		{192B6B58-9E01-45FB-A655-08906A775B0C}.Release|Any CPU.ActiveCfg = Release|Any CPU
		{192B6B58-9E01-45FB-A655-08906A775B0C}.Release|Any CPU.Build.0 = Release|Any CPU
	EndGlobalSection
	GlobalSection(SolutionProperties) = preSolution
		HideSolutionNode = FALSE
	EndGlobalSection
EndGlobal
